
Microsoft Visual Studio Solution File, Format Version 12.00
# Visual Studio Version 17
VisualStudioVersion = 17.5.33516.290
MinimumVisualStudioVersion = 10.0.40219.1
Project("{FAE04EC0-301F-11D3-BF4B-00C04F79EFBC}") = "HelloWorld2", "HelloWorld2\HelloWorld2.csproj", "{9010CD88-1B1D-4E37-A17F-EEA4DD35FEFF}"
EndProject
Global
	GlobalSection(SolutionConfigurationPlatforms) = preSolution
		Debug|Any CPU = Debug|Any CPU
		Release|Any CPU = Release|Any CPU
	EndGlobalSection
	GlobalSection(ProjectConfigurationPlatforms) = postSolution
		{9010CD88-1B1D-4E37-A17F-EEA4DD35FEFF}.Debug|Any CPU.ActiveCfg = Debug|Any CPU
		{9010CD88-1B1D-4E37-A17F-EEA4DD35FEFF}.Debug|Any CPU.Build.0 = Debug|Any CPU
		{9010CD88-1B1D-4E37-A17F-EEA4DD35FEFF}.Release|Any CPU.ActiveCfg = Release|Any CPU
		{9010CD88-1B1D-4E37-A17F-EEA4DD35FEFF}.Release|Any CPU.Build.0 = Release|Any CPU
	EndGlobalSection
	GlobalSection(SolutionProperties) = preSolution
		HideSolutionNode = FALSE
	EndGlobalSection
	GlobalSection(ExtensibilityGlobals) = postSolution
		SolutionGuid = {DC01E6F6-A502-4CE3-A709-4D05EDBFCC8C}
	EndGlobalSection
EndGlobal
